{
  "name": "create-spec-driven-app",
  "version": "0.1.0-beta.3",
  "lockfileVersion": 3,
  "requires": true,
  "packages": {
    "": {
      "name": "create-spec-driven-app",
      "version": "0.1.0-beta.3",
      "license": "MIT",
      "bin": {
        "create-spec-driven-app": "bin/create-spec-driven-app.js"
      },
      "engines": {
        "node": ">=18"
      }
    }
  }
}
